
Microsoft Visual Studio Solution File, Format Version 12.00
# Visual Studio Version 17
VisualStudioVersion = 17.12.35707.178 d17.12
MinimumVisualStudioVersion = 10.0.40219.1
Project("{FAE04EC0-301F-11D3-BF4B-00C04F79EFBC}") = "datamanager", "datamanager\datamanager.csproj", "{9F549477-D214-439D-A9CA-AAE527009D1E}"
EndProject
Project("{FAE04EC0-301F-11D3-BF4B-00C04F79EFBC}") = "data", "data\data.csproj", "{A951C2C7-E514-4D8F-BEF5-239693AB0427}"
EndProject
Project("{FAE04EC0-301F-11D3-BF4B-00C04F79EFBC}") = "ui", "ui\ui.csproj", "{959584DD-8766-47FD-96E4-1FDE943EFDCE}"
EndProject
Global
	GlobalSection(SolutionConfigurationPlatforms) = preSolution
		Debug|Any CPU = Debug|Any CPU
		Release|Any CPU = Release|Any CPU
	EndGlobalSection
	GlobalSection(ProjectConfigurationPlatforms) = postSolution
		{9F549477-D214-439D-A9CA-AAE527009D1E}.Debug|Any CPU.ActiveCfg = Debug|Any CPU
		{9F549477-D214-439D-A9CA-AAE527009D1E}.Debug|Any CPU.Build.0 = Debug|Any CPU
		{9F549477-D214-439D-A9CA-AAE527009D1E}.Release|Any CPU.ActiveCfg = Release|Any CPU
		{9F549477-D214-439D-A9CA-AAE527009D1E}.Release|Any CPU.Build.0 = Release|Any CPU
		{A951C2C7-E514-4D8F-BEF5-239693AB0427}.Debug|Any CPU.ActiveCfg = Debug|Any CPU
		{A951C2C7-E514-4D8F-BEF5-239693AB0427}.Debug|Any CPU.Build.0 = Debug|Any CPU
		{A951C2C7-E514-4D8F-BEF5-239693AB0427}.Release|Any CPU.ActiveCfg = Release|Any CPU
		{A951C2C7-E514-4D8F-BEF5-239693AB0427}.Release|Any CPU.Build.0 = Release|Any CPU
		{959584DD-8766-47FD-96E4-1FDE943EFDCE}.Debug|Any CPU.ActiveCfg = Debug|Any CPU
		{959584DD-8766-47FD-96E4-1FDE943EFDCE}.Debug|Any CPU.Build.0 = Debug|Any CPU
		{959584DD-8766-47FD-96E4-1FDE943EFDCE}.Release|Any CPU.ActiveCfg = Release|Any CPU
		{959584DD-8766-47FD-96E4-1FDE943EFDCE}.Release|Any CPU.Build.0 = Release|Any CPU
	EndGlobalSection
	GlobalSection(SolutionProperties) = preSolution
		HideSolutionNode = FALSE
	EndGlobalSection
EndGlobal
